
Microsoft Visual Studio Solution File, Format Version 12.00
# Visual Studio Version 16
VisualStudioVersion = 16.0.29102.190
MinimumVisualStudioVersion = 10.0.40219.1
Project("{FAE04EC0-301F-11D3-BF4B-00C04F79EFBC}") = "CoreWebApiAssgn", "CoreWebApiAssgn\CoreWebApiAssgn.csproj", "{903EFE75-696D-4F6A-A3B1-4ADDC266CE4E}"
EndProject
Global
	GlobalSection(SolutionConfigurationPlatforms) = preSolution
		Debug|Any CPU = Debug|Any CPU
		Release|Any CPU = Release|Any CPU
	EndGlobalSection
	GlobalSection(ProjectConfigurationPlatforms) = postSolution
		{903EFE75-696D-4F6A-A3B1-4ADDC266CE4E}.Debug|Any CPU.ActiveCfg = Debug|Any CPU
		{903EFE75-696D-4F6A-A3B1-4ADDC266CE4E}.Debug|Any CPU.Build.0 = Debug|Any CPU
		{903EFE75-696D-4F6A-A3B1-4ADDC266CE4E}.Release|Any CPU.ActiveCfg = Release|Any CPU
		{903EFE75-696D-4F6A-A3B1-4ADDC266CE4E}.Release|Any CPU.Build.0 = Release|Any CPU
	EndGlobalSection
	GlobalSection(SolutionProperties) = preSolution
		HideSolutionNode = FALSE
	EndGlobalSection
	GlobalSection(ExtensibilityGlobals) = postSolution
		SolutionGuid = {ED2E32C0-420D-4B17-A8C2-35EB751778FF}
	EndGlobalSection
EndGlobal
